
Microsoft Visual Studio Solution File, Format Version 12.00
# Visual Studio 15
VisualStudioVersion = 15.0.28307.645
MinimumVisualStudioVersion = 10.0.40219.1
Project("{FAE04EC0-301F-11D3-BF4B-00C04F79EFBC}") = "nb-e2", "nb-e2\nb-e2.csproj", "{F274A793-76ED-45D9-9213-A38C53BCF69E}"
EndProject
Global
	GlobalSection(SolutionConfigurationPlatforms) = preSolution
		Debug|Any CPU = Debug|Any CPU
		Release|Any CPU = Release|Any CPU
	EndGlobalSection
	GlobalSection(ProjectConfigurationPlatforms) = postSolution
		{F274A793-76ED-45D9-9213-A38C53BCF69E}.Debug|Any CPU.ActiveCfg = Debug|Any CPU
		{F274A793-76ED-45D9-9213-A38C53BCF69E}.Debug|Any CPU.Build.0 = Debug|Any CPU
		{F274A793-76ED-45D9-9213-A38C53BCF69E}.Release|Any CPU.ActiveCfg = Release|Any CPU
		{F274A793-76ED-45D9-9213-A38C53BCF69E}.Release|Any CPU.Build.0 = Release|Any CPU
	EndGlobalSection
	GlobalSection(SolutionProperties) = preSolution
		HideSolutionNode = FALSE
	EndGlobalSection
	GlobalSection(ExtensibilityGlobals) = postSolution
		SolutionGuid = {E5CBF816-8F96-4D18-BAFB-3B276DB71A05}
	EndGlobalSection
EndGlobal
